version = 1
requires-python = ">=3.10"

[[package]]
name = "anyio"
version = "4.13.0"
source = { registry = "http://oa-mirror.mediatek.inc/repository/pypi/simple" }
dependencies = [
    { name = "exceptiongroup", marker = "python_full_version < '3.11'" },
    { name = "idna" },
    { name = "typing-extensions", marker = "python_full_version < '3.13'" },
]
sdist = { url = "http://oa-mirror.mediatek.inc/repository/pypi/+f/334/b70e641fd2221/anyio-4.13.0.tar.gz", hash = "sha256:334b70e641fd2221c1505b3890c69882fe4a2df910cba14d97019b90b24439dc" }
wheels = [
    { url = "http://oa-mirror.mediatek.inc/repository/pypi/+f/08b/310f9e24a9594/anyio-4.13.0-py3-none-any.whl", hash = "sha256:08b310f9e24a9594186fd75b4f73f4a4152069e3853f1ed8bfbf58369f4ad708" },
]

[[package]]
name = "backports-tarfile"
version = "1.2.0"
source = { registry = "http://oa-mirror.mediatek.inc/repository/pypi/simple" }
sdist = { url = "http://oa-mirror.mediatek.inc/repository/pypi/+f/d75/e02c268746e1b/backports_tarfile-1.2.0.tar.gz", hash = "sha256:d75e02c268746e1b8144c278978b6e98e85de6ad16f8e4b0844a154557eca991" }
wheels = [
    { url = "http://oa-mirror.mediatek.inc/repository/pypi/+f/77e/284d754527b01/backports.tarfile-1.2.0-py3-none-any.whl", hash = "sha256:77e284d754527b01fb1e6fa8a1afe577858ebe4e9dad8919e34c862cb399bc34" },
]

[[package]]
name = "certifi"
version = "2026.2.25"
source = { registry = "http://oa-mirror.mediatek.inc/repository/pypi/simple" }
sdist = { url = "http://oa-mirror.mediatek.inc/repository/pypi/+f/e88/7ab5cee78ea81/certifi-2026.2.25.tar.gz", hash = "sha256:e887ab5cee78ea814d3472169153c2d12cd43b14bd03329a39a9c6e2e80bfba7" }
wheels = [
    { url = "http://oa-mirror.mediatek.inc/repository/pypi/+f/027/692e4402ad994/certifi-2026.2.25-py3-none-any.whl", hash = "sha256:027692e4402ad994f1c42e52a4997a9763c646b73e4096e4d5d6db8af1d6f0fa" },
]

[[package]]
name = "cffi"
version = "2.0.0"
source = { registry = "http://oa-mirror.mediatek.inc/repository/pypi/simple" }
dependencies = [
    { name = "pycparser", marker = "implementation_name != 'PyPy'" },
]
sdist = { url = "http://oa-mirror.mediatek.inc/repository/pypi/+f/44d/1b5909021139f/cffi-2.0.0.tar.gz", hash = "sha256:44d1b5909021139fe36001ae048dbdde8214afa20200eda0f64c068cac5d5529" }
wheels = [
    { url = "http://oa-mirror.mediatek.inc/repository/pypi/+f/53f/77cbe57044e88/cffi-2.0.0-cp310-cp310-manylinux1_i686.manylinux2014_i686.manylinux_2_17_i686.manylinux_2_5_i686.whl", hash = "sha256:53f77cbe57044e88bbd5ed26ac1d0514d2acf0591dd6bb02a3ae37f76811b80c" },
    { url = "http://oa-mirror.mediatek.inc/repository/pypi/+f/3e8/37e3695668847/cffi-2.0.0-cp310-cp310-manylinux2014_aarch64.manylinux_2_17_aarch64.whl", hash = "sha256:3e837e369566884707ddaf85fc1744b47575005c0a229de3327f8f9a20f4efeb" },
    { url = "http://oa-mirror.mediatek.inc/repository/pypi/+f/5ed/a85d6d1879e69/cffi-2.0.0-cp310-cp310-manylinux2014_ppc64le.manylinux_2_17_ppc64le.whl", hash = "sha256:5eda85d6d1879e692d546a078b44251cdd08dd1cfb98dfb77b670c97cee49ea0" },
    { url = "http://oa-mirror.mediatek.inc/repository/pypi/+f/933/2088d75dc3241/cffi-2.0.0-cp310-cp310-manylinux2014_s390x.manylinux_2_17_s390x.whl", hash = "sha256:9332088d75dc3241c702d852d4671613136d90fa6881da7d770a483fd05248b4" },
    { url = "http://oa-mirror.mediatek.inc/repository/pypi/+f/fc7/de24befaeae77/cffi-2.0.0-cp310-cp310-manylinux2014_x86_64.manylinux_2_17_x86_64.whl", hash = "sha256:fc7de24befaeae77ba923797c7c87834c73648a05a4bde34b3b7e5588973a453" },
    { url = "http://oa-mirror.mediatek.inc/repository/pypi/+f/cf3/64028c016c030/cffi-2.0.0-cp310-cp310-musllinux_1_2_aarch64.whl", hash = "sha256:cf364028c016c03078a23b503f02058f1814320a56ad535686f90565636a9495" },
    { url = "http://oa-mirror.mediatek.inc/repository/pypi/+f/e11/e82b744887154/cffi-2.0.0-cp310-cp310-musllinux_1_2_i686.whl", hash = "sha256:e11e82b744887154b182fd3e7e8512418446501191994dbf9c9fc1f32cc8efd5" },
    { url = "http://oa-mirror.mediatek.inc/repository/pypi/+f/8ea/985900c5c95ce/cffi-2.0.0-cp310-cp310-musllinux_1_2_x86_64.whl", hash = "sha256:8ea985900c5c95ce9db1745f7933eeef5d314f0565b27625d9a10ec9881e1bfb" },
    { url = "http://oa-mirror.mediatek.inc/repository/pypi/+f/baf/5215e0ab74c16/cffi-2.0.0-cp311-cp311-manylinux1_i686.manylinux2014_i686.manylinux_2_17_i686.manylinux_2_5_i686.whl", hash = "sha256:baf5215e0ab74c16e2dd324e8ec067ef59e41125d3eade2b863d294fd5035c92" },
    { url = "http://oa-mirror.mediatek.inc/repository/pypi/+f/730/cacb21e1bdff3/cffi-2.0.0-cp311-cp311-manylinux2014_aarch64.manylinux_2_17_aarch64.whl", hash = "sha256:730cacb21e1bdff3ce90babf007d0a0917cc3e6492f336c2f0134101e0944f93" },
    { url = "http://oa-mirror.mediatek.inc/repository/pypi/+f/682/4f87845e33960/cffi-2.0.0-cp311-cp311-manylinux2014_ppc64le.manylinux_2_17_ppc64le.whl", hash = "sha256:6824f87845e3396029f3820c206e459ccc91760e8fa24422f8b0c3d1731cbec5" },
    { url = "http://oa-mirror.mediatek.inc/repository/pypi/+f/9de/40a7b0323d889/cffi-2.0.0-cp311-cp311-manylinux2014_s390x.manylinux_2_17_s390x.whl", hash = "sha256:9de40a7b0323d889cf8d23d1ef214f565ab154443c42737dfe52ff82cf857664" },
    { url = "http://oa-mirror.mediatek.inc/repository/pypi/+f/894/1aaadaf672462/cffi-2.0.0-cp311-cp311-manylinux2014_x86_64.manylinux_2_17_x86_64.whl", hash = "sha256:8941aaadaf67246224cee8c3803777eed332a19d909b47e29c9842ef1e79ac26" },
    { url = "http://oa-mirror.mediatek.inc/repository/pypi/+f/a05/d0c237b334909/cffi-2.0.0-cp311-cp311-musllinux_1_2_aarch64.whl", hash = "sha256:a05d0c237b3349096d3981b727493e22147f934b20f6f125a3eba8f994bec4a9" },
    { url = "http://oa-mirror.mediatek.inc/repository/pypi/+f/946/98a9c5f91f9d1/cffi-2.0.0-cp311-cp311-musllinux_1_2_i686.whl", hash = "sha256:94698a9c5f91f9d138526b48fe26a199609544591f859c870d477351dc7b2414" },
    { url = "http://oa-mirror.mediatek.inc/repository/pypi/+f/5fe/d36fccc0612a5/cffi-2.0.0-cp311-cp311-musllinux_1_2_x86_64.whl", hash = "sha256:5fed36fccc0612a53f1d4d9a816b50a36702c28a2aa880cb8a122b3466638743" },
    { url = "http://oa-mirror.mediatek.inc/repository/pypi/+f/21d/1152871b01940/cffi-2.0.0-cp312-cp312-manylinux1_i686.manylinux2014_i686.manylinux_2_17_i686.manylinux_2_5_i686.whl", hash = "sha256:21d1152871b019407d8ac3985f6775c079416c282e431a4da6afe7aefd2bccbe" },
    { url = "http://oa-mirror.mediatek.inc/repository/pypi/+f/b21/e08af67b8a103/cffi-2.0.0-cp312-cp312-manylinux2014_aarch64.manylinux_2_17_aarch64.whl", hash = "sha256:b21e08af67b8a103c71a250401c78d5e0893beff75e28c53c98f4de42f774062" },
    { url = "http://oa-mirror.mediatek.inc/repository/pypi/+f/1e3/a615586f05fc4/cffi-2.0.0-cp312-cp312-manylinux2014_ppc64le.manylinux_2_17_ppc64le.whl", hash = "sha256:1e3a615586f05fc4065a8b22b8152f0c1b00cdbc60596d187c2a74f9e3036e4e" },
    { url = "http://oa-mirror.mediatek.inc/repository/pypi/+f/81a/fed14892743bb/cffi-2.0.0-cp312-cp312-manylinux2014_s390x.manylinux_2_17_s390x.whl", hash = "sha256:81afed14892743bbe14dacb9e36d9e0e504cd204e0b165062c488942b9718037" },
    { url = "http://oa-mirror.mediatek.inc/repository/pypi/+f/3e1/7ed538242334b/cffi-2.0.0-cp312-cp312-manylinux2014_x86_64.manylinux_2_17_x86_64.whl", hash = "sha256:3e17ed538242334bf70832644a32a7aae3d83b57567f9fd60a26257e992b79ba" },
    { url = "http://oa-mirror.mediatek.inc/repository/pypi/+f/392/5dd22fa2b7699/cffi-2.0.0-cp312-cp312-musllinux_1_2_aarch64.whl", hash = "sha256:3925dd22fa2b7699ed2617149842d2e6adde22b262fcbfada50e3d195e4b3a94" },
    { url = "http://oa-mirror.mediatek.inc/repository/pypi/+f/2c8/f814d84194c9e/cffi-2.0.0-cp312-cp312-musllinux_1_2_x86_64.whl", hash = "sha256:2c8f814d84194c9ea681642fd164267891702542f028a15fc97d4674b6206187" },
    { url = "http://oa-mirror.mediatek.inc/repository/pypi/+f/07b/271772c100085/cffi-2.0.0-cp313-cp313-manylinux1_i686.manylinux2014_i686.manylinux_2_17_i686.manylinux_2_5_i686.whl", hash = "sha256:07b271772c100085dd28b74fa0cd81c8fb1a3ba18b21e03d7c27f3436a10606b" },
    { url = "http://oa-mirror.mediatek.inc/repository/pypi/+f/d48/a880098c96020/cffi-2.0.0-cp313-cp313-manylinux2014_aarch64.manylinux_2_17_aarch64.whl", hash = "sha256:d48a880098c96020b02d5a1f7d9251308510ce8858940e6fa99ece33f610838b" },
    { url = "http://oa-mirror.mediatek.inc/repository/pypi/+f/f93/fd8e5c8c0a4aa/cffi-2.0.0-cp313-cp313-manylinux2014_ppc64le.manylinux_2_17_ppc64le.whl", hash = "sha256:f93fd8e5c8c0a4aa1f424d6173f14a892044054871c771f8566e4008eaa359d2" },
    { url = "http://oa-mirror.mediatek.inc/repository/pypi/+f/dd4/f05f54a52fb55/cffi-2.0.0-cp313-cp313-manylinux2014_s390x.manylinux_2_17_s390x.whl", hash = "sha256:dd4f05f54a52fb558f1ba9f528228066954fee3ebe629fc1660d874d040ae5a3" },
    { url = "http://oa-mirror.mediatek.inc/repository/pypi/+f/c8d/3b5532fc71b7a/cffi-2.0.0-cp313-cp313-manylinux2014_x86_64.manylinux_2_17_x86_64.whl", hash = "sha256:c8d3b5532fc71b7a77c09192b4a5a200ea992702734a2e9279a37f2478236f26" },
    { url = "http://oa-mirror.mediatek.inc/repository/pypi/+f/d9b/29c1f0ae438d5/cffi-2.0.0-cp313-cp313-musllinux_1_2_aarch64.whl", hash = "sha256:d9b29c1f0ae438d5ee9acb31cadee00a58c46cc9c0b2f9038c6b0b3470877a8c" },
    { url = "http://oa-mirror.mediatek.inc/repository/pypi/+f/6d5/0360be4546678/cffi-2.0.0-cp313-cp313-musllinux_1_2_x86_64.whl", hash = "sha256:6d50360be4546678fc1b79ffe7a66265e28667840010348dd69a314145807a1b" },
    { url = "http://oa-mirror.mediatek.inc/repository/pypi/+f/24b/6f81f1983e6df/cffi-2.0.0-cp314-cp314-manylinux2014_aarch64.manylinux_2_17_aarch64.whl", hash = "sha256:24b6f81f1983e6df8db3adc38562c83f7d4a0c36162885ec7f7b77c7dcbec97b" },
    { url = "http://oa-mirror.mediatek.inc/repository/pypi/+f/128/73ca6cb9b0f0d/cffi-2.0.0-cp314-cp314-manylinux2014_ppc64le.manylinux_2_17_ppc64le.whl", hash = "sha256:12873ca6cb9b0f0d3a0da705d6086fe911591737a59f28b7936bdfed27c0d47c" },
    { url = "http://oa-mirror.mediatek.inc/repository/pypi/+f/d9b/97165e8aed927/cffi-2.0.0-cp314-cp314-manylinux2014_s390x.manylinux_2_17_s390x.whl", hash = "sha256:d9b97165e8aed9272a6bb17c01e3cc5871a594a446ebedc996e2397a1c1ea8ef" },
    { url = "http://oa-mirror.mediatek.inc/repository/pypi/+f/afb/8db5439b81cf9/cffi-2.0.0-cp314-cp314-manylinux2014_x86_64.manylinux_2_17_x86_64.whl", hash = "sha256:afb8db5439b81cf9c9d0c80404b60c3cc9c3add93e114dcae767f1477cb53775" },
    { url = "http://oa-mirror.mediatek.inc/repository/pypi/+f/737/fe7d37e1a1bff/cffi-2.0.0-cp314-cp314-musllinux_1_2_aarch64.whl", hash = "sha256:737fe7d37e1a1bffe70bd5754ea763a62a066dc5913ca57e957824b72a85e205" },
    { url = "http://oa-mirror.mediatek.inc/repository/pypi/+f/381/00abb9d1b1435/cffi-2.0.0-cp314-cp314-musllinux_1_2_x86_64.whl", hash = "sha256:38100abb9d1b1435bc4cc340bb4489635dc2f0da7456590877030c9b3d40b0c1" },
    { url = "http://oa-mirror.mediatek.inc/repository/pypi/+f/7cc/09976e8b56f8c/cffi-2.0.0-cp314-cp314t-manylinux2014_aarch64.manylinux_2_17_aarch64.whl", hash = "sha256:7cc09976e8b56f8cebd752f7113ad07752461f48a58cbba644139015ac24954c" },
    { url = "http://oa-mirror.mediatek.inc/repository/pypi/+f/92b/68146a71df785/cffi-2.0.0-cp314-cp314t-manylinux2014_ppc64le.manylinux_2_17_ppc64le.whl", hash = "sha256:92b68146a71df78564e4ef48af17551a5ddd142e5190cdf2c5624d0c3ff5b2e8" },
    { url = "http://oa-mirror.mediatek.inc/repository/pypi/+f/b1e/74d11748e7e98/cffi-2.0.0-cp314-cp314t-manylinux2014_s390x.manylinux_2_17_s390x.whl", hash = "sha256:b1e74d11748e7e98e2f426ab176d4ed720a64412b6a15054378afdb71e0f37dc" },
    { url = "http://oa-mirror.mediatek.inc/repository/pypi/+f/28a/3a209b96630bc/cffi-2.0.0-cp314-cp314t-manylinux2014_x86_64.manylinux_2_17_x86_64.whl", hash = "sha256:28a3a209b96630bca57cce802da70c266eb08c6e97e5afd61a75611ee6c64592" },
    { url = "http://oa-mirror.mediatek.inc/repository/pypi/+f/755/3fb2090d71822/cffi-2.0.0-cp314-cp314t-musllinux_1_2_aarch64.whl", hash = "sha256:7553fb2090d71822f02c629afe6042c299edf91ba1bf94951165613553984512" },
    { url = "http://oa-mirror.mediatek.inc/repository/pypi/+f/6c6/c373cfc5c83a9/cffi-2.0.0-cp314-cp314t-musllinux_1_2_x86_64.whl", hash = "sha256:6c6c373cfc5c83a975506110d17457138c8c63016b563cc9ed6e056a82f13ce4" },
]

[[package]]
name = "cryptography"
version = "50.0.0"
source = { registry = "http://oa-mirror.mediatek.inc/repository/pypi/simple" }
dependencies = [
    { name = "cffi", marker = "platform_python_implementation != 'PyPy'" },
    { name = "typing-extensions", marker = "python_full_version < '3.11'" },
]
sdist = { url = "http://oa-mirror.mediatek.inc/repository/pypi/+f/eea/c2acb5a20ed25/cryptography-50.0.0.tar.gz", hash = "sha256:eeac2acb5a20ed25e0ad6d1df9891a520b78b404266b6d11778f25d5d691a6c9" }
wheels = [
    { url = "http://oa-mirror.mediatek.inc/repository/pypi/+f/fd9/192b7b70c573d/cryptography-50.0.0-cp311-abi3-manylinux2014_aarch64.manylinux_2_17_aarch64.whl", hash = "sha256:fd9192b7b70c573d7f214eb1ae35e00d359f6f5e4b27c7e21e30de1fc6204645" },
    { url = "http://oa-mirror.mediatek.inc/repository/pypi/+f/06a/32a980526a6ab/cryptography-50.0.0-cp311-abi3-manylinux2014_x86_64.manylinux_2_17_x86_64.whl", hash = "sha256:06a32a980526a6ab9a4b9bf8f7385800791e2bb960903cb6b530e4817509a3b7" },
    { url = "http://oa-mirror.mediatek.inc/repository/pypi/+f/a1b/30560f2acc95a/cryptography-50.0.0-cp311-abi3-manylinux_2_28_aarch64.whl", hash = "sha256:a1b30560f2acc95aa8b2e06e716a13dbfc97314747b80d9707e307f77b40d6b3" },
    { url = "http://oa-mirror.mediatek.inc/repository/pypi/+f/8d8/9f3976b10b4ce/cryptography-50.0.0-cp311-abi3-manylinux_2_28_ppc64le.whl", hash = "sha256:8d89f3976b10b4ce31118de72329025f70d2c6ead14a8217c5514dd2c6d5a78f" },
    { url = "http://oa-mirror.mediatek.inc/repository/pypi/+f/b42/a28c1844fd9de/cryptography-50.0.0-cp311-abi3-manylinux_2_28_x86_64.whl", hash = "sha256:b42a28c1844fd9de8f3f7d540e36b66f3a9c83fceac7170ebc7a6a19edd9dcae" },
    { url = "http://oa-mirror.mediatek.inc/repository/pypi/+f/900/131fafd8aead3/cryptography-50.0.0-cp311-abi3-manylinux_2_31_armv7l.whl", hash = "sha256:900131fafd8aead39ac7dd3a7e833be754c17a95cfd91221636949fe4eb0aa8a" },
    { url = "http://oa-mirror.mediatek.inc/repository/pypi/+f/079/49c449a1abcf6/cryptography-50.0.0-cp311-abi3-manylinux_2_34_aarch64.whl", hash = "sha256:07949c449a1abcf60d1ee6e88956d89404c7df3c8258f46589e912988e551987" },
    { url = "http://oa-mirror.mediatek.inc/repository/pypi/+f/f89/831ef99dd7dd1/cryptography-50.0.0-cp311-abi3-manylinux_2_34_ppc64le.whl", hash = "sha256:f89831ef99dd7dd169ab06d63a831adb9e20a87aac6d380266bbda5823349169" },
    { url = "http://oa-mirror.mediatek.inc/repository/pypi/+f/821/48ec5bddac30b/cryptography-50.0.0-cp311-abi3-manylinux_2_34_x86_64.whl", hash = "sha256:82148ec5bddac30b51a5b3c1945075f896fa022cb93f8e4a01e9f6ee95292c5f" },
    { url = "http://oa-mirror.mediatek.inc/repository/pypi/+f/148/9e263a8048bb8/cryptography-50.0.0-cp311-abi3-musllinux_1_2_aarch64.whl", hash = "sha256:1489e263a8048bb8b6a8bac662eb2d402ea5d2b7b4699b72f385f1e2772db105" },
    { url = "http://oa-mirror.mediatek.inc/repository/pypi/+f/7ce/c5b856506da6d/cryptography-50.0.0-cp311-abi3-musllinux_1_2_x86_64.whl", hash = "sha256:7cec5b856506da6defb290f30c9ee687d5f5e8cb0bd3f6459dde43b0b4fa40ef" },
    { url = "http://oa-mirror.mediatek.inc/repository/pypi/+f/197/36989797678c6/cryptography-50.0.0-cp314-cp314t-manylinux2014_aarch64.manylinux_2_17_aarch64.whl", hash = "sha256:19736989797678c6af1e55cd49055cdbcb55d8f6b5583ac5335f933aba9101dc" },
    { url = "http://oa-mirror.mediatek.inc/repository/pypi/+f/80b/63928fa35083b/cryptography-50.0.0-cp314-cp314t-manylinux2014_x86_64.manylinux_2_17_x86_64.whl", hash = "sha256:80b63928fa35083b33966ce1efb70e5b9607181e49dcd1c22c8c005e319f667f" },
    { url = "http://oa-mirror.mediatek.inc/repository/pypi/+f/d58/c3db7cd6eed54/cryptography-50.0.0-cp314-cp314t-manylinux_2_28_aarch64.whl", hash = "sha256:d58c3db7cd6eed54e6c06744db55456b65ebd7492ddeae9c1e93cfca7aa857d3" },
    { url = "http://oa-mirror.mediatek.inc/repository/pypi/+f/df2/a58a472f33222/cryptography-50.0.0-cp314-cp314t-manylinux_2_28_ppc64le.whl", hash = "sha256:df2a58a472f332225671c35b0a830208b86d004f82baa8530fa3782c85646533" },
    { url = "http://oa-mirror.mediatek.inc/repository/pypi/+f/11b/74db56cdbe3cd/cryptography-50.0.0-cp314-cp314t-manylinux_2_28_x86_64.whl", hash = "sha256:11b74db56cdbe3cdee6e3f6982ecb70334fa10dce99ed58bf7894aaaa3b2a037" },
    { url = "http://oa-mirror.mediatek.inc/repository/pypi/+f/f59/e38625469987d/cryptography-50.0.0-cp314-cp314t-manylinux_2_31_armv7l.whl", hash = "sha256:f59e38625469987d7ef6d495323c55e7db6c212eaf6112267e0d3b565a2e9c9f" },
    { url = "http://oa-mirror.mediatek.inc/repository/pypi/+f/ecf/ed7367f965a03/cryptography-50.0.0-cp314-cp314t-manylinux_2_34_aarch64.whl", hash = "sha256:ecfed7367f965a0328cfbdd70da860f15441f002f613185668c6e6ebf5a0ac11" },
    { url = "http://oa-mirror.mediatek.inc/repository/pypi/+f/9aa/87839c383bdba/cryptography-50.0.0-cp314-cp314t-manylinux_2_34_ppc64le.whl", hash = "sha256:9aa87839c383bdbab6ef865787a1fb877af8dd03464c4400322726feaaadfc6d" },
    { url = "http://oa-mirror.mediatek.inc/repository/pypi/+f/6ba/6a53445bd3cfa/cryptography-50.0.0-cp314-cp314t-manylinux_2_34_x86_64.whl", hash = "sha256:6ba6a53445bd3cfa809ef3ef5f1589aa6ba08784a1d962bf47d0940e871dab1c" },
    { url = "http://oa-mirror.mediatek.inc/repository/pypi/+f/3f5/735ffe4996d28/cryptography-50.0.0-cp314-cp314t-musllinux_1_2_aarch64.whl", hash = "sha256:3f5735ffe4996d28b809371756219f5354864902a3b9e7c0b9ee87041209fc9c" },
    { url = "http://oa-mirror.mediatek.inc/repository/pypi/+f/1b4/a266766514614/cryptography-50.0.0-cp314-cp314t-musllinux_1_2_x86_64.whl", hash = "sha256:1b4a266766514614f8aa60416e71f2fc6e575d36e7bdc90f644fadb2f4b75b95" },
    { url = "http://oa-mirror.mediatek.inc/repository/pypi/+f/910/e1d2668e7de96/cryptography-50.0.0-cp39-abi3-manylinux2014_aarch64.manylinux_2_17_aarch64.whl", hash = "sha256:910e1d2668e7de9648f2bcee30e180db2a6b15c30f887d7c4c93ddf96e3992e3" },
    { url = "http://oa-mirror.mediatek.inc/repository/pypi/+f/a91/296cb61e8df6f/cryptography-50.0.0-cp39-abi3-manylinux2014_x86_64.manylinux_2_17_x86_64.whl", hash = "sha256:a91296cb61e8df6f86d0c19cc4068228da256bf59bf86049fbd821084565327f" },
    { url = "http://oa-mirror.mediatek.inc/repository/pypi/+f/e72/2f16708d854fe/cryptography-50.0.0-cp39-abi3-manylinux_2_28_aarch64.whl", hash = "sha256:e722f16708d854fe924790e051061f6704a472c3bac347b6fd88033ea8dd0dc5" },
    { url = "http://oa-mirror.mediatek.inc/repository/pypi/+f/d76/4dcf130c428ef/cryptography-50.0.0-cp39-abi3-manylinux_2_28_ppc64le.whl", hash = "sha256:d764dcf130c428ef66786f866dd750f53182bc608813489915e9fc106bb0c82f" },
    { url = "http://oa-mirror.mediatek.inc/repository/pypi/+f/105/110f43a471dbd/cryptography-50.0.0-cp39-abi3-manylinux_2_28_x86_64.whl", hash = "sha256:105110f43a471dbd0060b9c9516cb8a6a79233631a04cc2ba16f28323ac6e025" },
    { url = "http://oa-mirror.mediatek.inc/repository/pypi/+f/828/743d939e9629b/cryptography-50.0.0-cp39-abi3-manylinux_2_31_armv7l.whl", hash = "sha256:828743d939e9629bc267b8e2d08d8bb67cd4319c771a33d4b18b22dd8fb7440a" },
    { url = "http://oa-mirror.mediatek.inc/repository/pypi/+f/2a8/183b489dc1f7f/cryptography-50.0.0-cp39-abi3-manylinux_2_34_aarch64.whl", hash = "sha256:2a8183b489dc1f7f80f135780fadc1108f14b31b8a40411c7a5b17425f65f28b" },
    { url = "http://oa-mirror.mediatek.inc/repository/pypi/+f/6e7/d61120573a7f2/cryptography-50.0.0-cp39-abi3-manylinux_2_34_ppc64le.whl", hash = "sha256:6e7d61120573a7f2cd94cc095f9e81f6967c61ccdf194285aa143ecec8e0b708" },
    { url = "http://oa-mirror.mediatek.inc/repository/pypi/+f/37f/db0d0111f1e2f/cryptography-50.0.0-cp39-abi3-manylinux_2_34_x86_64.whl", hash = "sha256:37fdb0d0111f1e2ff07139dfb79f1b49531f8e213c46f1163dd7642979b58c47" },
    { url = "http://oa-mirror.mediatek.inc/repository/pypi/+f/c87/f62a3d3b9888e/cryptography-50.0.0-cp39-abi3-musllinux_1_2_aarch64.whl", hash = "sha256:c87f62a3d3b9888ed0fdde100ec06aa61ca9cd44bad9057d1dff9a516b5f5bb9" },
    { url = "http://oa-mirror.mediatek.inc/repository/pypi/+f/65c/2c3add92b45fd/cryptography-50.0.0-cp39-abi3-musllinux_1_2_x86_64.whl", hash = "sha256:65c2c3add92b45fd0709db8594536aea39c2a67af0e27ffcf049c498501140b7" },
    { url = "http://oa-mirror.mediatek.inc/repository/pypi/+f/8eb/5e1172eb569ea/cryptography-50.0.0-pp311-pypy311_pp73-manylinux_2_28_aarch64.whl", hash = "sha256:8eb5e1172eb569ea8a872796576e6a67c276351728b6455d5beb01242b027c6a" },
    { url = "http://oa-mirror.mediatek.inc/repository/pypi/+f/910/d11e1a385c654/cryptography-50.0.0-pp311-pypy311_pp73-manylinux_2_28_x86_64.whl", hash = "sha256:910d11e1a385c654bf738bf3e6b8e6ed5de0f5610fcae2be9e5b398d8081d20e" },
    { url = "http://oa-mirror.mediatek.inc/repository/pypi/+f/625/98a8a57f815db/cryptography-50.0.0-pp311-pypy311_pp73-manylinux_2_34_aarch64.whl", hash = "sha256:62598a8a57f815db4c6259a4e97d857dab56697e7de8e8ab02352ab74da1995d" },
    { url = "http://oa-mirror.mediatek.inc/repository/pypi/+f/074/79a1cb08219ab/cryptography-50.0.0-pp311-pypy311_pp73-manylinux_2_34_x86_64.whl", hash = "sha256:07479a1cb08219ab719147e742e76090c9c773321959bb94946fffdd397a6437" },
]

[[package]]
name = "exceptiongroup"
version = "1.3.1"
source = { registry = "http://oa-mirror.mediatek.inc/repository/pypi/simple" }
dependencies = [
    { name = "typing-extensions", marker = "python_full_version < '3.13'" },
]
sdist = { url = "http://oa-mirror.mediatek.inc/repository/pypi/+f/8b4/12432c6055b0b/exceptiongroup-1.3.1.tar.gz", hash = "sha256:8b412432c6055b0b7d14c310000ae93352ed6754f70fa8f7c34141f91c4e3219" }
wheels = [
    { url = "http://oa-mirror.mediatek.inc/repository/pypi/+f/a7a/39a3bd276781e/exceptiongroup-1.3.1-py3-none-any.whl", hash = "sha256:a7a39a3bd276781e98394987d3a5701d0c4edffb633bb7a5144577f82c773598" },
]

[[package]]
name = "go-signet"
version = "1.0.0"
source = { registry = "http://oa-mirror.mediatek.inc/repository/pypi/simple" }
dependencies = [
    { name = "httpx" },
    { name = "keyring" },
]
sdist = { url = "http://oa-mirror.mediatek.inc/repository/pypi/+f/690/0e8933ce29ae7/go_signet-1.0.0.tar.gz", hash = "sha256:6900e8933ce29ae75bb625b50f5cef6f98caa02b65c3150e851973f3beb336fb" }
wheels = [
    { url = "http://oa-mirror.mediatek.inc/repository/pypi/+f/e0b/1973151df7096/go_signet-1.0.0-py3-none-any.whl", hash = "sha256:e0b1973151df70967ae29dfb30b4a1ae912652e58363bba026a650ddc3bb748a" },
]

[[package]]
name = "h11"
version = "0.16.0"
source = { registry = "http://oa-mirror.mediatek.inc/repository/pypi/simple" }
sdist = { url = "http://oa-mirror.mediatek.inc/repository/pypi/+f/4e3/5b956cf45792e/h11-0.16.0.tar.gz", hash = "sha256:4e35b956cf45792e4caa5885e69fba00bdbc6ffafbfa020300e549b208ee5ff1" }
wheels = [
    { url = "http://oa-mirror.mediatek.inc/repository/pypi/+f/63c/f8bbe7522de3b/h11-0.16.0-py3-none-any.whl", hash = "sha256:63cf8bbe7522de3bf65932fda1d9c2772064ffb3dae62d55932da54b31cb6c86" },
]

[[package]]
name = "httpcore"
version = "1.0.9"
source = { registry = "http://oa-mirror.mediatek.inc/repository/pypi/simple" }
dependencies = [
    { name = "certifi" },
    { name = "h11" },
]
sdist = { url = "http://oa-mirror.mediatek.inc/repository/pypi/+f/6e3/4463af53fd2ab/httpcore-1.0.9.tar.gz", hash = "sha256:6e34463af53fd2ab5d807f399a9b45ea31c3dfa2276f15a2c3f00afff6e176e8" }
wheels = [
    { url = "http://oa-mirror.mediatek.inc/repository/pypi/+f/2d4/00746a40668fc/httpcore-1.0.9-py3-none-any.whl", hash = "sha256:2d400746a40668fc9dec9810239072b40b4484b640a8c38fd654a024c7a1bf55" },
]

[[package]]
name = "httpx"
version = "0.28.1"
source = { registry = "http://oa-mirror.mediatek.inc/repository/pypi/simple" }
dependencies = [
    { name = "anyio" },
    { name = "certifi" },
    { name = "httpcore" },
    { name = "idna" },
]
sdist = { url = "http://oa-mirror.mediatek.inc/repository/pypi/+f/75e/98c5f16b0f35b/httpx-0.28.1.tar.gz", hash = "sha256:75e98c5f16b0f35b567856f597f06ff2270a374470a5c2392242528e3e3e42fc" }
wheels = [
    { url = "http://oa-mirror.mediatek.inc/repository/pypi/+f/d90/9fcccc110f8c7/httpx-0.28.1-py3-none-any.whl", hash = "sha256:d909fcccc110f8c7faf814ca82a9a4d816bc5a6dbfea25d6591d6985b8ba59ad" },
]

[[package]]
name = "idna"
version = "3.18"
source = { registry = "http://oa-mirror.mediatek.inc/repository/pypi/simple" }
sdist = { url = "http://oa-mirror.mediatek.inc/repository/pypi/+f/ffb/385a7e039654c/idna-3.18.tar.gz", hash = "sha256:ffb385a7e039654cef1ab9ef32c6fafe283c0c0467bba1d9029738ce4a14a848" }
wheels = [
    { url = "http://oa-mirror.mediatek.inc/repository/pypi/+f/7f9/52cbe720b6880/idna-3.18-py3-none-any.whl", hash = "sha256:7f952cbe720b688055e3f87de14f5c3e5fdaa8bc3928985c4077ca689de849a2" },
]

[[package]]
name = "importlib-metadata"
version = "9.0.0"
source = { registry = "http://oa-mirror.mediatek.inc/repository/pypi/simple" }
dependencies = [
    { name = "zipp" },
]
sdist = { url = "http://oa-mirror.mediatek.inc/repository/pypi/+f/a4f/57ab599e6a2e3/importlib_metadata-9.0.0.tar.gz", hash = "sha256:a4f57ab599e6a2e3016d7595cfd72eb4661a5106e787a95bcc90c7105b831efc" }
wheels = [
    { url = "http://oa-mirror.mediatek.inc/repository/pypi/+f/2d2/1d1cc5a017bd0/importlib_metadata-9.0.0-py3-none-any.whl", hash = "sha256:2d21d1cc5a017bd0559e36150c21c830ab1dc304dedd1b7ea85d20f45ef3edd7" },
]

[[package]]
name = "jaraco-classes"
version = "3.4.0"
source = { registry = "http://oa-mirror.mediatek.inc/repository/pypi/simple" }
dependencies = [
    { name = "more-itertools" },
]
sdist = { url = "http://oa-mirror.mediatek.inc/repository/pypi/+f/47a/024b51d0239c0/jaraco.classes-3.4.0.tar.gz", hash = "sha256:47a024b51d0239c0dd8c8540c6c7f484be3b8fcf0b2d85c13825780d3b3f3acd" }
wheels = [
    { url = "http://oa-mirror.mediatek.inc/repository/pypi/+f/f66/2826b6bed8cac/jaraco.classes-3.4.0-py3-none-any.whl", hash = "sha256:f662826b6bed8cace05e7ff873ce0f9283b5c924470fe664fff1c2f00f581790" },
]

[[package]]
name = "jaraco-context"
version = "6.1.2"
source = { registry = "http://oa-mirror.mediatek.inc/repository/pypi/simple" }
dependencies = [
    { name = "backports-tarfile", marker = "python_full_version < '3.12'" },
]
sdist = { url = "http://oa-mirror.mediatek.inc/repository/pypi/+f/f1a/6c9d391e661cc/jaraco_context-6.1.2.tar.gz", hash = "sha256:f1a6c9d391e661cc5b8d39861ff077a7dc24dc23833ccee564b234b81c82dfe3" }
wheels = [
    { url = "http://oa-mirror.mediatek.inc/repository/pypi/+f/bf8/150b79a2d5d91/jaraco_context-6.1.2-py3-none-any.whl", hash = "sha256:bf8150b79a2d5d91ae48629d8b427a8f7ba0e1097dd6202a9059f29a36379535" },
]

[[package]]
name = "jaraco-functools"
version = "4.4.0"
source = { registry = "http://oa-mirror.mediatek.inc/repository/pypi/simple" }
dependencies = [
    { name = "more-itertools" },
]
sdist = { url = "http://oa-mirror.mediatek.inc/repository/pypi/+f/da2/1933b0417b895/jaraco_functools-4.4.0.tar.gz", hash = "sha256:da21933b0417b89515562656547a77b4931f98176eb173644c0d35032a33d6bb" }
wheels = [
    { url = "http://oa-mirror.mediatek.inc/repository/pypi/+f/9ee/c1e36f45c818d/jaraco_functools-4.4.0-py3-none-any.whl", hash = "sha256:9eec1e36f45c818d9bf307c8948eb03b2b56cd44087b3cdc989abca1f20b9176" },
]

[[package]]
name = "jeepney"
version = "0.9.0"
source = { registry = "http://oa-mirror.mediatek.inc/repository/pypi/simple" }
sdist = { url = "http://oa-mirror.mediatek.inc/repository/pypi/+f/cf0/e9e845622b81e/jeepney-0.9.0.tar.gz", hash = "sha256:cf0e9e845622b81e4a28df94c40345400256ec608d0e55bb8a3feaa9163f5732" }
wheels = [
    { url = "http://oa-mirror.mediatek.inc/repository/pypi/+f/97e/5714520c16fc0/jeepney-0.9.0-py3-none-any.whl", hash = "sha256:97e5714520c16fc0a45695e5365a2e11b81ea79bba796e26f9f1d178cb182683" },
]

[[package]]
name = "keyring"
version = "25.7.0"
source = { registry = "http://oa-mirror.mediatek.inc/repository/pypi/simple" }
dependencies = [
    { name = "importlib-metadata", marker = "python_full_version < '3.12'" },
    { name = "jaraco-classes" },
    { name = "jaraco-context" },
    { name = "jaraco-functools" },
    { name = "jeepney", marker = "sys_platform == 'linux'" },
    { name = "pywin32-ctypes", marker = "sys_platform == 'win32'" },
    { name = "secretstorage", marker = "sys_platform == 'linux'" },
]
sdist = { url = "http://oa-mirror.mediatek.inc/repository/pypi/+f/fe0/1bd85eb3f8fb3/keyring-25.7.0.tar.gz", hash = "sha256:fe01bd85eb3f8fb3dd0405defdeac9a5b4f6f0439edbb3149577f244a2e8245b" }
wheels = [
    { url = "http://oa-mirror.mediatek.inc/repository/pypi/+f/be4/a0b195f149690/keyring-25.7.0-py3-none-any.whl", hash = "sha256:be4a0b195f149690c166e850609a477c532ddbfbaed96a404d4e43f8d5e2689f" },
]

[[package]]
name = "more-itertools"
version = "10.8.0"
source = { registry = "http://oa-mirror.mediatek.inc/repository/pypi/simple" }
sdist = { url = "http://oa-mirror.mediatek.inc/repository/pypi/+f/f63/8ddf8a1a0d134/more_itertools-10.8.0.tar.gz", hash = "sha256:f638ddf8a1a0d134181275fb5d58b086ead7c6a72429ad725c67503f13ba30bd" }
wheels = [
    { url = "http://oa-mirror.mediatek.inc/repository/pypi/+f/52d/4362373dcf7c5/more_itertools-10.8.0-py3-none-any.whl", hash = "sha256:52d4362373dcf7c52546bc4af9a86ee7c4579df9a8dc268be0a2f949d376cc9b" },
]

[[package]]
name = "pycparser"
version = "3.0"
source = { registry = "http://oa-mirror.mediatek.inc/repository/pypi/simple" }
sdist = { url = "http://oa-mirror.mediatek.inc/repository/pypi/+f/600/f49d217304a59/pycparser-3.0.tar.gz", hash = "sha256:600f49d217304a5902ac3c37e1281c9fe94e4d0489de643a9504c5cdfdfc6b29" }
wheels = [
    { url = "http://oa-mirror.mediatek.inc/repository/pypi/+f/b72/7414169a36b7d/pycparser-3.0-py3-none-any.whl", hash = "sha256:b727414169a36b7d524c1c3e31839a521725078d7b2ff038656844266160a992" },
]

[[package]]
name = "python-dotenv"
version = "1.2.2"
source = { registry = "http://oa-mirror.mediatek.inc/repository/pypi/simple" }
sdist = { url = "http://oa-mirror.mediatek.inc/repository/pypi/+f/2c3/71a91fbd7ba08/python_dotenv-1.2.2.tar.gz", hash = "sha256:2c371a91fbd7ba082c2c1dc1f8bf89ca22564a087c2c287cd9b662adde799cf3" }
wheels = [
    { url = "http://oa-mirror.mediatek.inc/repository/pypi/+f/1d8/214789a24de45/python_dotenv-1.2.2-py3-none-any.whl", hash = "sha256:1d8214789a24de455a8b8bd8ae6fe3c6b69a5e3d64aa8a8e5d68e694bbcb285a" },
]

[[package]]
name = "python-m2m"
version = "0.1.0"
source = { virtual = "." }
dependencies = [
    { name = "go-signet" },
    { name = "python-dotenv" },
]

[package.metadata]
requires-dist = [
    { name = "go-signet", specifier = "==1.0.0" },
    { name = "python-dotenv", specifier = ">=1.2.2" },
]

[[package]]
name = "pywin32-ctypes"
version = "0.2.3"
source = { registry = "http://oa-mirror.mediatek.inc/repository/pypi/simple" }
sdist = { url = "http://oa-mirror.mediatek.inc/repository/pypi/+f/d16/2dc04946d7045/pywin32-ctypes-0.2.3.tar.gz", hash = "sha256:d162dc04946d704503b2edc4d55f3dba5c1d539ead017afa00142c38b9885755" }
wheels = [
    { url = "http://oa-mirror.mediatek.inc/repository/pypi/+f/8a1/513379d709975/pywin32_ctypes-0.2.3-py3-none-any.whl", hash = "sha256:8a1513379d709975552d202d942d9837758905c8d01eb82b8bcc30918929e7b8" },
]

[[package]]
name = "secretstorage"
version = "3.5.0"
source = { registry = "http://oa-mirror.mediatek.inc/repository/pypi/simple" }
dependencies = [
    { name = "cryptography" },
    { name = "jeepney" },
]
sdist = { url = "http://oa-mirror.mediatek.inc/repository/pypi/+f/f04/b8e4689cbce35/secretstorage-3.5.0.tar.gz", hash = "sha256:f04b8e4689cbce351744d5537bf6b1329c6fc68f91fa666f60a380edddcd11be" }
wheels = [
    { url = "http://oa-mirror.mediatek.inc/repository/pypi/+f/0ce/65888c0725fcb/secretstorage-3.5.0-py3-none-any.whl", hash = "sha256:0ce65888c0725fcb2c5bc0fdb8e5438eece02c523557ea40ce0703c266248137" },
]

[[package]]
name = "typing-extensions"
version = "4.15.0"
source = { registry = "http://oa-mirror.mediatek.inc/repository/pypi/simple" }
sdist = { url = "http://oa-mirror.mediatek.inc/repository/pypi/+f/0ce/a48d173cc12fa/typing_extensions-4.15.0.tar.gz", hash = "sha256:0cea48d173cc12fa28ecabc3b837ea3cf6f38c6d1136f85cbaaf598984861466" }
wheels = [
    { url = "http://oa-mirror.mediatek.inc/repository/pypi/+f/f0f/a19c6845758ab/typing_extensions-4.15.0-py3-none-any.whl", hash = "sha256:f0fa19c6845758ab08074a0cfa8b7aecb71c999ca73d62883bc25cc018c4e548" },
]

[[package]]
name = "zipp"
version = "3.23.0"
source = { registry = "http://oa-mirror.mediatek.inc/repository/pypi/simple" }
sdist = { url = "http://oa-mirror.mediatek.inc/repository/pypi/+f/a07/157588a12518c/zipp-3.23.0.tar.gz", hash = "sha256:a07157588a12518c9d4034df3fbbee09c814741a33ff63c05fa29d26a2404166" }
wheels = [
    { url = "http://oa-mirror.mediatek.inc/repository/pypi/+f/071/652d6115ed432/zipp-3.23.0-py3-none-any.whl", hash = "sha256:071652d6115ed432f5ce1d34c336c0adfd6a884660d1e9712a256d3d3bd4b14e" },
]
